// !$*UTF8*$!
{
	archiveVersion = 1;
	classes = {
	};
	objectVersion = 48;
	objects = {

/* Begin PBXBuildFile section */
		EF1AD4701FE264C100FD7F2E /* StarsParticles.scnp in Resources */ = {isa = PBXBuildFile; fileRef = EF1AD46E1FE264C100FD7F2E /* StarsParticles.scnp */; };
		EF1AD4711FE264C100FD7F2E /* star.png in Resources */ = {isa = PBXBuildFile; fileRef = EF1AD46F1FE264C100FD7F2E /* star.png */; };
		EF1AD4731FE265A400FD7F2E /* EarthNode.swift in Sources */ = {isa = PBXBuildFile; fileRef = EF1AD4721FE265A400FD7F2E /* EarthNode.swift */; };
		EF787BD71FD8D118007B3902 /* AppDelegate.swift in Sources */ = {isa = PBXBuildFile; fileRef = EF787BD61FD8D118007B3902 /* AppDelegate.swift */; };
		EF787BD91FD8D118007B3902 /* art.scnassets in Resources */ = {isa = PBXBuildFile; fileRef = EF787BD81FD8D118007B3902 /* art.scnassets */; };
		EF787BDB1FD8D118007B3902 /* ViewController.swift in Sources */ = {isa = PBXBuildFile; fileRef = EF787BDA1FD8D118007B3902 /* ViewController.swift */; };
		EF787BDE1FD8D118007B3902 /* Main.storyboard in Resources */ = {isa = PBXBuildFile; fileRef = EF787BDC1FD8D118007B3902 /* Main.storyboard */; };
		EF787BE01FD8D118007B3902 /* Assets.xcassets in Resources */ = {isa = PBXBuildFile; fileRef = EF787BDF1FD8D118007B3902 /* Assets.xcassets */; };
		EF787BE31FD8D118007B3902 /* LaunchScreen.storyboard in Resources */ = {isa = PBXBuildFile; fileRef = EF787BE11FD8D118007B3902 /* LaunchScreen.storyboard */; };
/* End PBXBuildFile section */

/* Begin PBXFileReference section */
		EF1AD46E1FE264C100FD7F2E /* StarsParticles.scnp */ = {isa = PBXFileReference; lastKnownFileType = file.scp; path = StarsParticles.scnp; sourceTree = "<group>"; };
		EF1AD46F1FE264C100FD7F2E /* star.png */ = {isa = PBXFileReference; lastKnownFileType = image.png; path = star.png; sourceTree = "<group>"; };
		EF1AD4721FE265A400FD7F2E /* EarthNode.swift */ = {isa = PBXFileReference; lastKnownFileType = sourcecode.swift; path = EarthNode.swift; sourceTree = "<group>"; };
		EF787BD31FD8D118007B3902 /* day2-3dearth.app */ = {isa = PBXFileReference; explicitFileType = wrapper.application; includeInIndex = 0; path = "day2-3dearth.app"; sourceTree = BUILT_PRODUCTS_DIR; };
		EF787BD61FD8D118007B3902 /* AppDelegate.swift */ = {isa = PBXFileReference; lastKnownFileType = sourcecode.swift; path = AppDelegate.swift; sourceTree = "<group>"; };
		EF787BD81FD8D118007B3902 /* art.scnassets */ = {isa = PBXFileReference; lastKnownFileType = wrapper.scnassets; path = art.scnassets; sourceTree = "<group>"; };
		EF787BDA1FD8D118007B3902 /* ViewController.swift */ = {isa = PBXFileReference; lastKnownFileType = sourcecode.swift; path = ViewController.swift; sourceTree = "<group>"; };
		EF787BDD1FD8D118007B3902 /* Base */ = {isa = PBXFileReference; lastKnownFileType = file.storyboard; name = Base; path = Base.lproj/Main.storyboard; sourceTree = "<group>"; };
		EF787BDF1FD8D118007B3902 /* Assets.xcassets */ = {isa = PBXFileReference; lastKnownFileType = folder.assetcatalog; path = Assets.xcassets; sourceTree = "<group>"; };
		EF787BE21FD8D118007B3902 /* Base */ = {isa = PBXFileReference; lastKnownFileType = file.storyboard; name = Base; path = Base.lproj/LaunchScreen.storyboard; sourceTree = "<group>"; };
		EF787BE41FD8D118007B3902 /* Info.plist */ = {isa = PBXFileReference; lastKnownFileType = text.plist.xml; path = Info.plist; sourceTree = "<group>"; };
/* End PBXFileReference section */

/* Begin PBXFrameworksBuildPhase section */
		EF787BD01FD8D118007B3902 /* Frameworks */ = {
			isa = PBXFrameworksBuildPhase;
			buildActionMask = 2147483647;
			files = (
			);
			runOnlyForDeploymentPostprocessing = 0;
		};
/* End PBXFrameworksBuildPhase section */

/* Begin PBXGroup section */
		EF787BCA1FD8D118007B3902 = {
			isa = PBXGroup;
			children = (
				EF787BD51FD8D118007B3902 /* day2-3dearth */,
				EF787BD41FD8D118007B3902 /* Products */,
			);
			sourceTree = "<group>";
		};
		EF787BD41FD8D118007B3902 /* Products */ = {
			isa = PBXGroup;
			children = (
				EF787BD31FD8D118007B3902 /* day2-3dearth.app */,
			);
			name = Products;
			sourceTree = "<group>";
		};
		EF787BD51FD8D118007B3902 /* day2-3dearth */ = {
			isa = PBXGroup;
			children = (
				EF787BD61FD8D118007B3902 /* AppDelegate.swift */,
				EF787BDA1FD8D118007B3902 /* ViewController.swift */,
				EF1AD4721FE265A400FD7F2E /* EarthNode.swift */,
				EF1AD46E1FE264C100FD7F2E /* StarsParticles.scnp */,
				EF1AD46F1FE264C100FD7F2E /* star.png */,
				EF787BDC1FD8D118007B3902 /* Main.storyboard */,
				EF787BDF1FD8D118007B3902 /* Assets.xcassets */,
				EF787BE11FD8D118007B3902 /* LaunchScreen.storyboard */,
				EF787BE41FD8D118007B3902 /* Info.plist */,
				EF787BD81FD8D118007B3902 /* art.scnassets */,
			);
			path = "day2-3dearth";
			sourceTree = "<group>";
		};
/* End PBXGroup section */

/* Begin PBXNativeTarget section */
		EF787BD21FD8D118007B3902 /* day2-3dearth */ = {
			isa = PBXNativeTarget;
			buildConfigurationList = EF787BE71FD8D118007B3902 /* Build configuration list for PBXNativeTarget "day2-3dearth" */;
			buildPhases = (
				EF787BCF1FD8D118007B3902 /* Sources */,
				EF787BD01FD8D118007B3902 /* Frameworks */,
				EF787BD11FD8D118007B3902 /* Resources */,
			);
			buildRules = (
			);
			dependencies = (
			);
			name = "day2-3dearth";
			productName = "day2-3dearth";
			productReference = EF787BD31FD8D118007B3902 /* day2-3dearth.app */;
			productType = "com.apple.product-type.application";
		};
/* End PBXNativeTarget section */

/* Begin PBXProject section */
		EF787BCB1FD8D118007B3902 /* Project object */ = {
			isa = PBXProject;
			attributes = {
				LastSwiftUpdateCheck = 0910;
				LastUpgradeCheck = 0910;
				ORGANIZATIONNAME = "Adrian Kenepah-Martin";
				TargetAttributes = {
					EF787BD21FD8D118007B3902 = {
						CreatedOnToolsVersion = 9.1;
						ProvisioningStyle = Automatic;
					};
				};
			};
			buildConfigurationList = EF787BCE1FD8D118007B3902 /* Build configuration list for PBXProject "day2-3dearth" */;
			compatibilityVersion = "Xcode 8.0";
			developmentRegion = en;
			hasScannedForEncodings = 0;
			knownRegions = (
				en,
				Base,
			);
			mainGroup = EF787BCA1FD8D118007B3902;
			productRefGroup = EF787BD41FD8D118007B3902 /* Products */;
			projectDirPath = "";
			projectRoot = "";
			targets = (
				EF787BD21FD8D118007B3902 /* day2-3dearth */,
			);
		};
/* End PBXProject section */

/* Begin PBXResourcesBuildPhase section */
		EF787BD11FD8D118007B3902 /* Resources */ = {
			isa = PBXResourcesBuildPhase;
			buildActionMask = 2147483647;
			files = (
				EF787BD91FD8D118007B3902 /* art.scnassets in Resources */,
				EF787BE31FD8D118007B3902 /* LaunchScreen.storyboard in Resources */,
				EF787BE01FD8D118007B3902 /* Assets.xcassets in Resources */,
				EF1AD4701FE264C100FD7F2E /* StarsParticles.scnp in Resources */,
				EF787BDE1FD8D118007B3902 /* Main.storyboard in Resources */,
				EF1AD4711FE264C100FD7F2E /* star.png in Resources */,
			);
			runOnlyForDeploymentPostprocessing = 0;
		};
/* End PBXResourcesBuildPhase section */

/* Begin PBXSourcesBuildPhase section */
		EF787BCF1FD8D118007B3902 /* Sources */ = {
			isa = PBXSourcesBuildPhase;
			buildActionMask = 2147483647;
			files = (
				EF787BDB1FD8D118007B3902 /* ViewController.swift in Sources */,
				EF1AD4731FE265A400FD7F2E /* EarthNode.swift in Sources */,
				EF787BD71FD8D118007B3902 /* AppDelegate.swift in Sources */,
			);
			runOnlyForDeploymentPostprocessing = 0;
		};
/* End PBXSourcesBuildPhase section */

/* Begin PBXVariantGroup section */
		EF787BDC1FD8D118007B3902 /* Main.storyboard */ = {
			isa = PBXVariantGroup;
			children = (
				EF787BDD1FD8D118007B3902 /* Base */,
			);
			name = Main.storyboard;
			sourceTree = "<group>";
		};
		EF787BE11FD8D118007B3902 /* LaunchScreen.storyboard */ = {
			isa = PBXVariantGroup;
			children = (
				EF787BE21FD8D118007B3902 /* Base */,
			);
			name = LaunchScreen.storyboard;
			sourceTree = "<group>";
		};
/* End PBXVariantGroup section */

/* Begin XCBuildConfiguration section */
		EF787BE51FD8D118007B3902 /* Debug */ = {
			isa = XCBuildConfiguration;
			buildSettings = {
				ALWAYS_SEARCH_USER_PATHS = NO;
				CLANG_ANALYZER_NONNULL = YES;
				CLANG_ANALYZER_NUMBER_OBJECT_CONVERSION = YES_AGGRESSIVE;
				CLANG_CXX_LANGUAGE_STANDARD = "gnu++14";
				CLANG_CXX_LIBRARY = "libc++";
				CLANG_ENABLE_MODULES = YES;
				CLANG_ENABLE_OBJC_ARC = YES;
				CLANG_WARN_BLOCK_CAPTURE_AUTORELEASING = YES;
				CLANG_WARN_BOOL_CONVERSION = YES;
				CLANG_WARN_COMMA = YES;
				CLANG_WARN_CONSTANT_CONVERSION = YES;
				CLANG_WARN_DIRECT_OBJC_ISA_USAGE = YES_ERROR;
				CLANG_WARN_DOCUMENTATION_COMMENTS = YES;
				CLANG_WARN_EMPTY_BODY = YES;
				CLANG_WARN_ENUM_CONVERSION = YES;
				CLANG_WARN_INFINITE_RECURSION = YES;
				CLANG_WARN_INT_CONVERSION = YES;
				CLANG_WARN_NON_LITERAL_NULL_CONVERSION = YES;
				CLANG_WARN_OBJC_LITERAL_CONVERSION = YES;
				CLANG_WARN_OBJC_ROOT_CLASS = YES_ERROR;
				CLANG_WARN_RANGE_LOOP_ANALYSIS = YES;
				CLANG_WARN_STRICT_PROTOTYPES = YES;
				CLANG_WARN_SUSPICIOUS_MOVE = YES;
				CLANG_WARN_UNGUARDED_AVAILABILITY = YES_AGGRESSIVE;
				CLANG_WARN_UNREACHABLE_CODE = YES;
				CLANG_WARN__DUPLICATE_METHOD_MATCH = YES;
				CODE_SIGN_IDENTITY = "iPhone Developer";
				COPY_PHASE_STRIP = NO;
				DEBUG_INFORMATION_FORMAT = dwarf;
				ENABLE_STRICT_OBJC_MSGSEND = YES;
				ENABLE_TESTABILITY = YES;
				GCC_C_LANGUAGE_STANDARD = gnu11;
				GCC_DYNAMIC_NO_PIC = NO;
				GCC_NO_COMMON_BLOCKS = YES;
				GCC_OPTIMIZATION_LEVEL = 0;
				GCC_PREPROCESSOR_DEFINITIONS = (
					"DEBUG=1",
					"$(inherited)",
				);
				GCC_WARN_64_TO_32_BIT_CONVERSION = YES;
				GCC_WARN_ABOUT_RETURN_TYPE = YES_ERROR;
				GCC_WARN_UNDECLARED_SELECTOR = YES;
				GCC_WARN_UNINITIALIZED_AUTOS = YES_AGGRESSIVE;
				GCC_WARN_UNUSED_FUNCTION = YES;
				GCC_WARN_UNUSED_VARIABLE = YES;
				IPHONEOS_DEPLOYMENT_TARGET = 11.1;
				MTL_ENABLE_DEBUG_INFO = YES;
				ONLY_ACTIVE_ARCH = YES;
				SDKROOT = iphoneos;
				SWIFT_ACTIVE_COMPILATION_CONDITIONS = DEBUG;
				SWIFT_OPTIMIZATION_LEVEL = "-Onone";
			};
			name = Debug;
		};
		EF787BE61FD8D118007B3902 /* Release */ = {
			isa = XCBuildConfiguration;
			buildSettings = {
				ALWAYS_SEARCH_USER_PATHS = NO;
				CLANG_ANALYZER_NONNULL = YES;
				CLANG_ANALYZER_NUMBER_OBJECT_CONVERSION = YES_AGGRESSIVE;
				CLANG_CXX_LANGUAGE_STANDARD = "gnu++14";
				CLANG_CXX_LIBRARY = "libc++";
				CLANG_ENABLE_MODULES = YES;
				CLANG_ENABLE_OBJC_ARC = YES;
				CLANG_WARN_BLOCK_CAPTURE_AUTORELEASING = YES;
				CLANG_WARN_BOOL_CONVERSION = YES;
				CLANG_WARN_COMMA = YES;
				CLANG_WARN_CONSTANT_CONVERSION = YES;
				CLANG_WARN_DIRECT_OBJC_ISA_USAGE = YES_ERROR;
				CLANG_WARN_DOCUMENTATION_COMMENTS = YES;
				CLANG_WARN_EMPTY_BODY = YES;
				CLANG_WARN_ENUM_CONVERSION = YES;
				CLANG_WARN_INFINITE_RECURSION = YES;
				CLANG_WARN_INT_CONVERSION = YES;
				CLANG_WARN_NON_LITERAL_NULL_CONVERSION = YES;
				CLANG_WARN_OBJC_LITERAL_CONVERSION = YES;
				CLANG_WARN_OBJC_ROOT_CLASS = YES_ERROR;
				CLANG_WARN_RANGE_LOOP_ANALYSIS = YES;
				CLANG_WARN_STRICT_PROTOTYPES = YES;
				CLANG_WARN_SUSPICIOUS_MOVE = YES;
				CLANG_WARN_UNGUARDED_AVAILABILITY = YES_AGGRESSIVE;
				CLANG_WARN_UNREACHABLE_CODE = YES;
				CLANG_WARN__DUPLICATE_METHOD_MATCH = YES;
				CODE_SIGN_IDENTITY = "iPhone Developer";
				COPY_PHASE_STRIP = NO;
				DEBUG_INFORMATION_FORMAT = "dwarf-with-dsym";
				ENABLE_NS_ASSERTIONS = NO;
				ENABLE_STRICT_OBJC_MSGSEND = YES;
				GCC_C_LANGUAGE_STANDARD = gnu11;
				GCC_NO_COMMON_BLOCKS = YES;
				GCC_WARN_64_TO_32_BIT_CONVERSION = YES;
				GCC_WARN_ABOUT_RETURN_TYPE = YES_ERROR;
				GCC_WARN_UNDECLARED_SELECTOR = YES;
				GCC_WARN_UNINITIALIZED_AUTOS = YES_AGGRESSIVE;
				GCC_WARN_UNUSED_FUNCTION = YES;
				GCC_WARN_UNUSED_VARIABLE = YES;
				IPHONEOS_DEPLOYMENT_TARGET = 11.1;
				MTL_ENABLE_DEBUG_INFO = NO;
				SDKROOT = iphoneos;
				SWIFT_OPTIMIZATION_LEVEL = "-Owholemodule";
				VALIDATE_PRODUCT = YES;
			};
			name = Release;
		};
		EF787BE81FD8D118007B3902 /* Debug */ = {
			isa = XCBuildConfiguration;
			buildSettings = {
				ASSETCATALOG_COMPILER_APPICON_NAME = AppIcon;
				CODE_SIGN_STYLE = Automatic;
				DEVELOPMENT_TEAM = 77479ZW9G2;
				INFOPLIST_FILE = "day2-3dearth/Info.plist";
				LD_RUNPATH_SEARCH_PATHS = "$(inherited) @executable_path/Frameworks";
				PRODUCT_BUNDLE_IDENTIFIER = "adriankenepahmartin.day2-3dearth";
				PRODUCT_NAME = "$(TARGET_NAME)";
				SWIFT_VERSION = 4.0;
				TARGETED_DEVICE_FAMILY = "1,2";
			};
			name = Debug;
		};
		EF787BE91FD8D118007B3902 /* Release */ = {
			isa = XCBuildConfiguration;
			buildSettings = {
				ASSETCATALOG_COMPILER_APPICON_NAME = AppIcon;
				CODE_SIGN_STYLE = Automatic;
				DEVELOPMENT_TEAM = 77479ZW9G2;
				INFOPLIST_FILE = "day2-3dearth/Info.plist";
				LD_RUNPATH_SEARCH_PATHS = "$(inherited) @executable_path/Frameworks";
				PRODUCT_BUNDLE_IDENTIFIER = "adriankenepahmartin.day2-3dearth";
				PRODUCT_NAME = "$(TARGET_NAME)";
				SWIFT_VERSION = 4.0;
				TARGETED_DEVICE_FAMILY = "1,2";
			};
			name = Release;
		};
/* End XCBuildConfiguration section */

/* Begin XCConfigurationList section */
		EF787BCE1FD8D118007B3902 /* Build configuration list for PBXProject "day2-3dearth" */ = {
			isa = XCConfigurationList;
			buildConfigurations = (
				EF787BE51FD8D118007B3902 /* Debug */,
				EF787BE61FD8D118007B3902 /* Release */,
			);
			defaultConfigurationIsVisible = 0;
			defaultConfigurationName = Release;
		};
		EF787BE71FD8D118007B3902 /* Build configuration list for PBXNativeTarget "day2-3dearth" */ = {
			isa = XCConfigurationList;
			buildConfigurations = (
				EF787BE81FD8D118007B3902 /* Debug */,
				EF787BE91FD8D118007B3902 /* Release */,
			);
			defaultConfigurationIsVisible = 0;
			defaultConfigurationName = Release;
		};
/* End XCConfigurationList section */
	};
	rootObject = EF787BCB1FD8D118007B3902 /* Project object */;
}
